- id: 2
  height: 1000
  hash: 0x6A30C94091DA7C436D64E62111D6890D772E351823C41496B4E52F28F5B000BF
  version_block: 11
  version_app: 1
  time: '2023-07-04T03:10:57+00:00'
  tx_count: 0
  parent_hash: 0x5F7A8DDFE6136FE76B65B9066D4F816D707F28C05B3362D66084664C5B39BA98
  last_commit_hash: 0xD1B9DF57EC8FDEBC21F0AE6BCA0CB2A78152268B6D9D6D13766E12FD8EDEE484
  data_hash: 0x3D96B7D238E7E0456F6AF8E7CDF0A67BD6CF9C2089ECB559C659DCAA1F880353
  validators_hash: 0x25E6352346588AE8D02B1FA136CBC229673EEEAB0DDEED28C1493516F7FFF26D
  next_validators_hash: 0x25E6352346588AE8D02B1FA136CBC229673EEEAB0DDEED28C1493516F7FFF26D
  consensus_hash: 0xC0B6A634B72AE9687EA53B6D277A73ABA1386BA3CFC6D0F26963602F7F6FFCD6
  app_hash: 0x65D47665D933A78A50FAA9A76B0BE877819DA57A6FAE1652FB442C6042C0D484
  last_results_hash: 0xE3B0C44298FC1C149AFBF4C8996FB92427AE41E4649B934CA495991B7852B855
  evidence_hash: 0xE3B0C44298FC1C149AFBF4C8996FB92427AE41E4649B934CA495991B7852B855
  proposer_address: 0x81A24EE534DEFE1557A4C7C437E8E8FBC2F834E8
- id: 1
  height: 999
  hash: 0x5F7A8DDFE6136FE76B65B9066D4F816D707F28C05B3362D66084664C5B39BA98
  version_block: 11
  version_app: 1
  time: '2023-07-04T03:10:56+00:00'
  tx_count: 0
  parent_hash: 0x62491A45621ABEA79EBA193FD2944B5B9EBD4AABF35D9F0BCD3F525E25FA6FD8
  last_commit_hash: 0x13E6AA158BFBDCC2E95C204A9B68BB756591A69EAE9951CCCD2EC41EC09FFC00
  data_hash: 0x3D96B7D238E7E0456F6AF8E7CDF0A67BD6CF9C2089ECB559C659DCAA1F880353
  validators_hash: 0x25E6352346588AE8D02B1FA136CBC229673EEEAB0DDEED28C1493516F7FFF26D
  next_validators_hash: 0x25E6352346588AE8D02B1FA136CBC229673EEEAB0DDEED28C1493516F7FFF26D
  consensus_hash: 0xC0B6A634B72AE9687EA53B6D277A73ABA1386BA3CFC6D0F26963602F7F6FFCD6
  app_hash: 0x32F06B1AFE0D18F1E562B66CC9AA46C27570894840398FFD1705A9EAAC5BE84E
  last_results_hash: 0xE3B0C44298FC1C149AFBF4C8996FB92427AE41E4649B934CA495991B7852B855
  evidence_hash: 0xE3B0C44298FC1C149AFBF4C8996FB92427AE41E4649B934CA495991B7852B855
  proposer_address: 0x81A24EE534DEFE1557A4C7C437E8E8FBC2F834E8